
Microsoft Visual Studio Solution File, Format Version 12.00
# Visual Studio Version 17
VisualStudioVersion = 17.11.35219.272
MinimumVisualStudioVersion = 10.0.40219.1
Project("{FAE04EC0-301F-11D3-BF4B-00C04F79EFBC}") = "Project01_szelcsendesNapok_BPatrik_5cs", "Project01_szelcsendesNapok_BPatrik_5cs\Project01_szelcsendesNapok_BPatrik_5cs.csproj", "{7667023D-2BBE-4D4F-BF60-B11FBF60DC8E}"
EndProject
Global
	GlobalSection(SolutionConfigurationPlatforms) = preSolution
		Debug|Any CPU = Debug|Any CPU
		Release|Any CPU = Release|Any CPU
	EndGlobalSection
	GlobalSection(ProjectConfigurationPlatforms) = postSolution
		{7667023D-2BBE-4D4F-BF60-B11FBF60DC8E}.Debug|Any CPU.ActiveCfg = Debug|Any CPU
		{7667023D-2BBE-4D4F-BF60-B11FBF60DC8E}.Debug|Any CPU.Build.0 = Debug|Any CPU
		{7667023D-2BBE-4D4F-BF60-B11FBF60DC8E}.Release|Any CPU.ActiveCfg = Release|Any CPU
		{7667023D-2BBE-4D4F-BF60-B11FBF60DC8E}.Release|Any CPU.Build.0 = Release|Any CPU
	EndGlobalSection
	GlobalSection(SolutionProperties) = preSolution
		HideSolutionNode = FALSE
	EndGlobalSection
	GlobalSection(ExtensibilityGlobals) = postSolution
		SolutionGuid = {F901C8B9-3D07-4FB3-A617-033B23E1501C}
	EndGlobalSection
EndGlobal
